
Microsoft Visual Studio Solution File, Format Version 12.00
# Visual Studio 15
VisualStudioVersion = 15.0.28307.168
MinimumVisualStudioVersion = 10.0.40219.1
Project("{FAE04EC0-301F-11D3-BF4B-00C04F79EFBC}") = "SelectOneItemInGroup.Android", "SelectOneItemInGroup\SelectOneItemInGroup.Android\SelectOneItemInGroup.Android.csproj", "{A029DAB2-F5BD-49FF-9A7A-E3E06558C155}"
EndProject
Project("{FAE04EC0-301F-11D3-BF4B-00C04F79EFBC}") = "SelectOneItemInGroup.iOS", "SelectOneItemInGroup\SelectOneItemInGroup.iOS\SelectOneItemInGroup.iOS.csproj", "{D835224F-AE17-4A8A-A078-F4BAE76B1AAE}"
EndProject
Project("{FAE04EC0-301F-11D3-BF4B-00C04F79EFBC}") = "SelectOneItemInGroup.UWP", "SelectOneItemInGroup\SelectOneItemInGroup.UWP\SelectOneItemInGroup.UWP.csproj", "{C5E0219F-9750-4499-923A-830448609AFC}"
EndProject
Project("{FAE04EC0-301F-11D3-BF4B-00C04F79EFBC}") = "SelectOneItemInGroup", "SelectOneItemInGroup\SelectOneItemInGroup\SelectOneItemInGroup.csproj", "{4D47AD26-6A57-4350-90AE-D06681DB3253}"
EndProject
Global
	GlobalSection(SolutionConfigurationPlatforms) = preSolution
		Ad-Hoc|Any CPU = Ad-Hoc|Any CPU
		Ad-Hoc|ARM = Ad-Hoc|ARM
		Ad-Hoc|iPhone = Ad-Hoc|iPhone
		Ad-Hoc|iPhoneSimulator = Ad-Hoc|iPhoneSimulator
		Ad-Hoc|x64 = Ad-Hoc|x64
		Ad-Hoc|x86 = Ad-Hoc|x86
		AppStore|Any CPU = AppStore|Any CPU
		AppStore|ARM = AppStore|ARM
		AppStore|iPhone = AppStore|iPhone
		AppStore|iPhoneSimulator = AppStore|iPhoneSimulator
		AppStore|x64 = AppStore|x64
		AppStore|x86 = AppStore|x86
		Debug|Any CPU = Debug|Any CPU
		Debug|ARM = Debug|ARM
		Debug|iPhone = Debug|iPhone
		Debug|iPhoneSimulator = Debug|iPhoneSimulator
		Debug|x64 = Debug|x64
		Debug|x86 = Debug|x86
		Release|Any CPU = Release|Any CPU
		Release|ARM = Release|ARM
		Release|iPhone = Release|iPhone
		Release|iPhoneSimulator = Release|iPhoneSimulator
		Release|x64 = Release|x64
		Release|x86 = Release|x86
	EndGlobalSection
	GlobalSection(ProjectConfigurationPlatforms) = postSolution
		{A029DAB2-F5BD-49FF-9A7A-E3E06558C155}.Ad-Hoc|Any CPU.ActiveCfg = Release|Any CPU
		{A029DAB2-F5BD-49FF-9A7A-E3E06558C155}.Ad-Hoc|Any CPU.Build.0 = Release|Any CPU
		{A029DAB2-F5BD-49FF-9A7A-E3E06558C155}.Ad-Hoc|Any CPU.Deploy.0 = Release|Any CPU
		{A029DAB2-F5BD-49FF-9A7A-E3E06558C155}.Ad-Hoc|ARM.ActiveCfg = Release|Any CPU
		{A029DAB2-F5BD-49FF-9A7A-E3E06558C155}.Ad-Hoc|ARM.Build.0 = Release|Any CPU
		{A029DAB2-F5BD-49FF-9A7A-E3E06558C155}.Ad-Hoc|ARM.Deploy.0 = Release|Any CPU
		{A029DAB2-F5BD-49FF-9A7A-E3E06558C155}.Ad-Hoc|iPhone.ActiveCfg = Release|Any CPU
		{A029DAB2-F5BD-49FF-9A7A-E3E06558C155}.Ad-Hoc|iPhone.Build.0 = Release|Any CPU
		{A029DAB2-F5BD-49FF-9A7A-E3E06558C155}.Ad-Hoc|iPhone.Deploy.0 = Release|Any CPU
		{A029DAB2-F5BD-49FF-9A7A-E3E06558C155}.Ad-Hoc|iPhoneSimulator.ActiveCfg = Release|Any CPU
		{A029DAB2-F5BD-49FF-9A7A-E3E06558C155}.Ad-Hoc|iPhoneSimulator.Build.0 = Release|Any CPU
		{A029DAB2-F5BD-49FF-9A7A-E3E06558C155}.Ad-Hoc|iPhoneSimulator.Deploy.0 = Release|Any CPU
		{A029DAB2-F5BD-49FF-9A7A-E3E06558C155}.Ad-Hoc|x64.ActiveCfg = Release|Any CPU
		{A029DAB2-F5BD-49FF-9A7A-E3E06558C155}.Ad-Hoc|x64.Build.0 = Release|Any CPU
		{A029DAB2-F5BD-49FF-9A7A-E3E06558C155}.Ad-Hoc|x64.Deploy.0 = Release|Any CPU
		{A029DAB2-F5BD-49FF-9A7A-E3E06558C155}.Ad-Hoc|x86.ActiveCfg = Release|Any CPU
		{A029DAB2-F5BD-49FF-9A7A-E3E06558C155}.Ad-Hoc|x86.Build.0 = Release|Any CPU
		{A029DAB2-F5BD-49FF-9A7A-E3E06558C155}.Ad-Hoc|x86.Deploy.0 = Release|Any CPU
		{A029DAB2-F5BD-49FF-9A7A-E3E06558C155}.AppStore|Any CPU.ActiveCfg = Release|Any CPU
		{A029DAB2-F5BD-49FF-9A7A-E3E06558C155}.AppStore|Any CPU.Build.0 = Release|Any CPU
		{A029DAB2-F5BD-49FF-9A7A-E3E06558C155}.AppStore|Any CPU.Deploy.0 = Release|Any CPU
		{A029DAB2-F5BD-49FF-9A7A-E3E06558C155}.AppStore|ARM.ActiveCfg = Release|Any CPU
		{A029DAB2-F5BD-49FF-9A7A-E3E06558C155}.AppStore|ARM.Build.0 = Release|Any CPU
		{A029DAB2-F5BD-49FF-9A7A-E3E06558C155}.AppStore|ARM.Deploy.0 = Release|Any CPU
		{A029DAB2-F5BD-49FF-9A7A-E3E06558C155}.AppStore|iPhone.ActiveCfg = Release|Any CPU
		{A029DAB2-F5BD-49FF-9A7A-E3E06558C155}.AppStore|iPhone.Build.0 = Release|Any CPU
		{A029DAB2-F5BD-49FF-9A7A-E3E06558C155}.AppStore|iPhone.Deploy.0 = Release|Any CPU
		{A029DAB2-F5BD-49FF-9A7A-E3E06558C155}.AppStore|iPhoneSimulator.ActiveCfg = Release|Any CPU
		{A029DAB2-F5BD-49FF-9A7A-E3E06558C155}.AppStore|iPhoneSimulator.Build.0 = Release|Any CPU
		{A029DAB2-F5BD-49FF-9A7A-E3E06558C155}.AppStore|iPhoneSimulator.Deploy.0 = Release|Any CPU
		{A029DAB2-F5BD-49FF-9A7A-E3E06558C155}.AppStore|x64.ActiveCfg = Release|Any CPU
		{A029DAB2-F5BD-49FF-9A7A-E3E06558C155}.AppStore|x64.Build.0 = Release|Any CPU
		{A029DAB2-F5BD-49FF-9A7A-E3E06558C155}.AppStore|x64.Deploy.0 = Release|Any CPU
		{A029DAB2-F5BD-49FF-9A7A-E3E06558C155}.AppStore|x86.ActiveCfg = Release|Any CPU
		{A029DAB2-F5BD-49FF-9A7A-E3E06558C155}.AppStore|x86.Build.0 = Release|Any CPU
		{A029DAB2-F5BD-49FF-9A7A-E3E06558C155}.AppStore|x86.Deploy.0 = Release|Any CPU
		{A029DAB2-F5BD-49FF-9A7A-E3E06558C155}.Debug|Any CPU.ActiveCfg = Debug|Any CPU
		{A029DAB2-F5BD-49FF-9A7A-E3E06558C155}.Debug|Any CPU.Build.0 = Debug|Any CPU
		{A029DAB2-F5BD-49FF-9A7A-E3E06558C155}.Debug|Any CPU.Deploy.0 = Debug|Any CPU
		{A029DAB2-F5BD-49FF-9A7A-E3E06558C155}.Debug|ARM.ActiveCfg = Debug|Any CPU
		{A029DAB2-F5BD-49FF-9A7A-E3E06558C155}.Debug|ARM.Build.0 = Debug|Any CPU
		{A029DAB2-F5BD-49FF-9A7A-E3E06558C155}.Debug|ARM.Deploy.0 = Debug|Any CPU
		{A029DAB2-F5BD-49FF-9A7A-E3E06558C155}.Debug|iPhone.ActiveCfg = Debug|Any CPU
		{A029DAB2-F5BD-49FF-9A7A-E3E06558C155}.Debug|iPhone.Build.0 = Debug|Any CPU
		{A029DAB2-F5BD-49FF-9A7A-E3E06558C155}.Debug|iPhone.Deploy.0 = Debug|Any CPU
		{A029DAB2-F5BD-49FF-9A7A-E3E06558C155}.Debug|iPhoneSimulator.ActiveCfg = Debug|Any CPU
		{A029DAB2-F5BD-49FF-9A7A-E3E06558C155}.Debug|iPhoneSimulator.Build.0 = Debug|Any CPU
		{A029DAB2-F5BD-49FF-9A7A-E3E06558C155}.Debug|iPhoneSimulator.Deploy.0 = Debug|Any CPU
		{A029DAB2-F5BD-49FF-9A7A-E3E06558C155}.Debug|x64.ActiveCfg = Debug|Any CPU
		{A029DAB2-F5BD-49FF-9A7A-E3E06558C155}.Debug|x64.Build.0 = Debug|Any CPU
		{A029DAB2-F5BD-49FF-9A7A-E3E06558C155}.Debug|x64.Deploy.0 = Debug|Any CPU
		{A029DAB2-F5BD-49FF-9A7A-E3E06558C155}.Debug|x86.ActiveCfg = Debug|Any CPU
		{A029DAB2-F5BD-49FF-9A7A-E3E06558C155}.Debug|x86.Build.0 = Debug|Any CPU
		{A029DAB2-F5BD-49FF-9A7A-E3E06558C155}.Debug|x86.Deploy.0 = Debug|Any CPU
		{A029DAB2-F5BD-49FF-9A7A-E3E06558C155}.Release|Any CPU.ActiveCfg = Release|Any CPU
		{A029DAB2-F5BD-49FF-9A7A-E3E06558C155}.Release|Any CPU.Build.0 = Release|Any CPU
		{A029DAB2-F5BD-49FF-9A7A-E3E06558C155}.Release|Any CPU.Deploy.0 = Release|Any CPU
		{A029DAB2-F5BD-49FF-9A7A-E3E06558C155}.Release|ARM.ActiveCfg = Release|Any CPU
		{A029DAB2-F5BD-49FF-9A7A-E3E06558C155}.Release|ARM.Build.0 = Release|Any CPU
		{A029DAB2-F5BD-49FF-9A7A-E3E06558C155}.Release|ARM.Deploy.0 = Release|Any CPU
		{A029DAB2-F5BD-49FF-9A7A-E3E06558C155}.Release|iPhone.ActiveCfg = Release|Any CPU
		{A029DAB2-F5BD-49FF-9A7A-E3E06558C155}.Release|iPhone.Build.0 = Release|Any CPU
		{A029DAB2-F5BD-49FF-9A7A-E3E06558C155}.Release|iPhone.Deploy.0 = Release|Any CPU
		{A029DAB2-F5BD-49FF-9A7A-E3E06558C155}.Release|iPhoneSimulator.ActiveCfg = Release|Any CPU
		{A029DAB2-F5BD-49FF-9A7A-E3E06558C155}.Release|iPhoneSimulator.Build.0 = Release|Any CPU
		{A029DAB2-F5BD-49FF-9A7A-E3E06558C155}.Release|iPhoneSimulator.Deploy.0 = Release|Any CPU
		{A029DAB2-F5BD-49FF-9A7A-E3E06558C155}.Release|x64.ActiveCfg = Release|Any CPU
		{A029DAB2-F5BD-49FF-9A7A-E3E06558C155}.Release|x64.Build.0 = Release|Any CPU
		{A029DAB2-F5BD-49FF-9A7A-E3E06558C155}.Release|x64.Deploy.0 = Release|Any CPU
		{A029DAB2-F5BD-49FF-9A7A-E3E06558C155}.Release|x86.ActiveCfg = Release|Any CPU
		{A029DAB2-F5BD-49FF-9A7A-E3E06558C155}.Release|x86.Build.0 = Release|Any CPU
		{A029DAB2-F5BD-49FF-9A7A-E3E06558C155}.Release|x86.Deploy.0 = Release|Any CPU
		{D835224F-AE17-4A8A-A078-F4BAE76B1AAE}.Ad-Hoc|Any CPU.ActiveCfg = Ad-Hoc|iPhone
		{D835224F-AE17-4A8A-A078-F4BAE76B1AAE}.Ad-Hoc|Any CPU.Build.0 = Ad-Hoc|iPhone
		{D835224F-AE17-4A8A-A078-F4BAE76B1AAE}.Ad-Hoc|Any CPU.Deploy.0 = Ad-Hoc|iPhone
		{D835224F-AE17-4A8A-A078-F4BAE76B1AAE}.Ad-Hoc|ARM.ActiveCfg = Ad-Hoc|iPhone
		{D835224F-AE17-4A8A-A078-F4BAE76B1AAE}.Ad-Hoc|ARM.Build.0 = Ad-Hoc|iPhone
		{D835224F-AE17-4A8A-A078-F4BAE76B1AAE}.Ad-Hoc|ARM.Deploy.0 = Ad-Hoc|iPhone
		{D835224F-AE17-4A8A-A078-F4BAE76B1AAE}.Ad-Hoc|iPhone.ActiveCfg = Ad-Hoc|iPhone
		{D835224F-AE17-4A8A-A078-F4BAE76B1AAE}.Ad-Hoc|iPhone.Build.0 = Ad-Hoc|iPhone
		{D835224F-AE17-4A8A-A078-F4BAE76B1AAE}.Ad-Hoc|iPhone.Deploy.0 = Ad-Hoc|iPhone
		{D835224F-AE17-4A8A-A078-F4BAE76B1AAE}.Ad-Hoc|iPhoneSimulator.ActiveCfg = Ad-Hoc|iPhoneSimulator
		{D835224F-AE17-4A8A-A078-F4BAE76B1AAE}.Ad-Hoc|iPhoneSimulator.Build.0 = Ad-Hoc|iPhoneSimulator
		{D835224F-AE17-4A8A-A078-F4BAE76B1AAE}.Ad-Hoc|iPhoneSimulator.Deploy.0 = Ad-Hoc|iPhoneSimulator
		{D835224F-AE17-4A8A-A078-F4BAE76B1AAE}.Ad-Hoc|x64.ActiveCfg = Ad-Hoc|iPhone
		{D835224F-AE17-4A8A-A078-F4BAE76B1AAE}.Ad-Hoc|x64.Build.0 = Ad-Hoc|iPhone
		{D835224F-AE17-4A8A-A078-F4BAE76B1AAE}.Ad-Hoc|x64.Deploy.0 = Ad-Hoc|iPhone
		{D835224F-AE17-4A8A-A078-F4BAE76B1AAE}.Ad-Hoc|x86.ActiveCfg = Ad-Hoc|iPhone
		{D835224F-AE17-4A8A-A078-F4BAE76B1AAE}.Ad-Hoc|x86.Build.0 = Ad-Hoc|iPhone
		{D835224F-AE17-4A8A-A078-F4BAE76B1AAE}.Ad-Hoc|x86.Deploy.0 = Ad-Hoc|iPhone
		{D835224F-AE17-4A8A-A078-F4BAE76B1AAE}.AppStore|Any CPU.ActiveCfg = AppStore|iPhone
		{D835224F-AE17-4A8A-A078-F4BAE76B1AAE}.AppStore|Any CPU.Build.0 = AppStore|iPhone
		{D835224F-AE17-4A8A-A078-F4BAE76B1AAE}.AppStore|Any CPU.Deploy.0 = AppStore|iPhone
		{D835224F-AE17-4A8A-A078-F4BAE76B1AAE}.AppStore|ARM.ActiveCfg = AppStore|iPhone
		{D835224F-AE17-4A8A-A078-F4BAE76B1AAE}.AppStore|ARM.Build.0 = AppStore|iPhone
		{D835224F-AE17-4A8A-A078-F4BAE76B1AAE}.AppStore|ARM.Deploy.0 = AppStore|iPhone
		{D835224F-AE17-4A8A-A078-F4BAE76B1AAE}.AppStore|iPhone.ActiveCfg = AppStore|iPhone
		{D835224F-AE17-4A8A-A078-F4BAE76B1AAE}.AppStore|iPhone.Build.0 = AppStore|iPhone
		{D835224F-AE17-4A8A-A078-F4BAE76B1AAE}.AppStore|iPhone.Deploy.0 = AppStore|iPhone
		{D835224F-AE17-4A8A-A078-F4BAE76B1AAE}.AppStore|iPhoneSimulator.ActiveCfg = AppStore|iPhoneSimulator
		{D835224F-AE17-4A8A-A078-F4BAE76B1AAE}.AppStore|iPhoneSimulator.Build.0 = AppStore|iPhoneSimulator
		{D835224F-AE17-4A8A-A078-F4BAE76B1AAE}.AppStore|iPhoneSimulator.Deploy.0 = AppStore|iPhoneSimulator
		{D835224F-AE17-4A8A-A078-F4BAE76B1AAE}.AppStore|x64.ActiveCfg = AppStore|iPhone
		{D835224F-AE17-4A8A-A078-F4BAE76B1AAE}.AppStore|x64.Build.0 = AppStore|iPhone
		{D835224F-AE17-4A8A-A078-F4BAE76B1AAE}.AppStore|x64.Deploy.0 = AppStore|iPhone
		{D835224F-AE17-4A8A-A078-F4BAE76B1AAE}.AppStore|x86.ActiveCfg = AppStore|iPhone
		{D835224F-AE17-4A8A-A078-F4BAE76B1AAE}.AppStore|x86.Build.0 = AppStore|iPhone
		{D835224F-AE17-4A8A-A078-F4BAE76B1AAE}.AppStore|x86.Deploy.0 = AppStore|iPhone
		{D835224F-AE17-4A8A-A078-F4BAE76B1AAE}.Debug|Any CPU.ActiveCfg = Debug|iPhoneSimulator
		{D835224F-AE17-4A8A-A078-F4BAE76B1AAE}.Debug|Any CPU.Build.0 = Debug|iPhoneSimulator
		{D835224F-AE17-4A8A-A078-F4BAE76B1AAE}.Debug|Any CPU.Deploy.0 = Debug|iPhoneSimulator
		{D835224F-AE17-4A8A-A078-F4BAE76B1AAE}.Debug|ARM.ActiveCfg = Debug|iPhone
		{D835224F-AE17-4A8A-A078-F4BAE76B1AAE}.Debug|ARM.Build.0 = Debug|iPhone
		{D835224F-AE17-4A8A-A078-F4BAE76B1AAE}.Debug|ARM.Deploy.0 = Debug|iPhone
		{D835224F-AE17-4A8A-A078-F4BAE76B1AAE}.Debug|iPhone.ActiveCfg = Debug|iPhone
		{D835224F-AE17-4A8A-A078-F4BAE76B1AAE}.Debug|iPhone.Build.0 = Debug|iPhone
		{D835224F-AE17-4A8A-A078-F4BAE76B1AAE}.Debug|iPhone.Deploy.0 = Debug|iPhone
		{D835224F-AE17-4A8A-A078-F4BAE76B1AAE}.Debug|iPhoneSimulator.ActiveCfg = Debug|iPhoneSimulator
		{D835224F-AE17-4A8A-A078-F4BAE76B1AAE}.Debug|iPhoneSimulator.Build.0 = Debug|iPhoneSimulator
		{D835224F-AE17-4A8A-A078-F4BAE76B1AAE}.Debug|iPhoneSimulator.Deploy.0 = Debug|iPhoneSimulator
		{D835224F-AE17-4A8A-A078-F4BAE76B1AAE}.Debug|x64.ActiveCfg = Debug|iPhone
		{D835224F-AE17-4A8A-A078-F4BAE76B1AAE}.Debug|x64.Build.0 = Debug|iPhone
		{D835224F-AE17-4A8A-A078-F4BAE76B1AAE}.Debug|x64.Deploy.0 = Debug|iPhone
		{D835224F-AE17-4A8A-A078-F4BAE76B1AAE}.Debug|x86.ActiveCfg = Debug|iPhone
		{D835224F-AE17-4A8A-A078-F4BAE76B1AAE}.Debug|x86.Build.0 = Debug|iPhone
		{D835224F-AE17-4A8A-A078-F4BAE76B1AAE}.Debug|x86.Deploy.0 = Debug|iPhone
		{D835224F-AE17-4A8A-A078-F4BAE76B1AAE}.Release|Any CPU.ActiveCfg = Release|iPhone
		{D835224F-AE17-4A8A-A078-F4BAE76B1AAE}.Release|Any CPU.Build.0 = Release|iPhone
		{D835224F-AE17-4A8A-A078-F4BAE76B1AAE}.Release|Any CPU.Deploy.0 = Release|iPhone
		{D835224F-AE17-4A8A-A078-F4BAE76B1AAE}.Release|ARM.ActiveCfg = Release|iPhone
		{D835224F-AE17-4A8A-A078-F4BAE76B1AAE}.Release|ARM.Build.0 = Release|iPhone
		{D835224F-AE17-4A8A-A078-F4BAE76B1AAE}.Release|ARM.Deploy.0 = Release|iPhone
		{D835224F-AE17-4A8A-A078-F4BAE76B1AAE}.Release|iPhone.ActiveCfg = Release|iPhone
		{D835224F-AE17-4A8A-A078-F4BAE76B1AAE}.Release|iPhone.Build.0 = Release|iPhone
		{D835224F-AE17-4A8A-A078-F4BAE76B1AAE}.Release|iPhone.Deploy.0 = Release|iPhone
		{D835224F-AE17-4A8A-A078-F4BAE76B1AAE}.Release|iPhoneSimulator.ActiveCfg = Release|iPhoneSimulator
		{D835224F-AE17-4A8A-A078-F4BAE76B1AAE}.Release|iPhoneSimulator.Build.0 = Release|iPhoneSimulator
		{D835224F-AE17-4A8A-A078-F4BAE76B1AAE}.Release|iPhoneSimulator.Deploy.0 = Release|iPhoneSimulator
		{D835224F-AE17-4A8A-A078-F4BAE76B1AAE}.Release|x64.ActiveCfg = Release|iPhone
		{D835224F-AE17-4A8A-A078-F4BAE76B1AAE}.Release|x64.Build.0 = Release|iPhone
		{D835224F-AE17-4A8A-A078-F4BAE76B1AAE}.Release|x64.Deploy.0 = Release|iPhone
		{D835224F-AE17-4A8A-A078-F4BAE76B1AAE}.Release|x86.ActiveCfg = Release|iPhone
		{D835224F-AE17-4A8A-A078-F4BAE76B1AAE}.Release|x86.Build.0 = Release|iPhone
		{D835224F-AE17-4A8A-A078-F4BAE76B1AAE}.Release|x86.Deploy.0 = Release|iPhone
		{C5E0219F-9750-4499-923A-830448609AFC}.Ad-Hoc|Any CPU.ActiveCfg = Release|x86
		{C5E0219F-9750-4499-923A-830448609AFC}.Ad-Hoc|Any CPU.Build.0 = Release|x86
		{C5E0219F-9750-4499-923A-830448609AFC}.Ad-Hoc|Any CPU.Deploy.0 = Release|x86
		{C5E0219F-9750-4499-923A-830448609AFC}.Ad-Hoc|ARM.ActiveCfg = Release|ARM
		{C5E0219F-9750-4499-923A-830448609AFC}.Ad-Hoc|ARM.Build.0 = Release|ARM
		{C5E0219F-9750-4499-923A-830448609AFC}.Ad-Hoc|ARM.Deploy.0 = Release|ARM
		{C5E0219F-9750-4499-923A-830448609AFC}.Ad-Hoc|iPhone.ActiveCfg = Release|x86
		{C5E0219F-9750-4499-923A-830448609AFC}.Ad-Hoc|iPhone.Build.0 = Release|x86
		{C5E0219F-9750-4499-923A-830448609AFC}.Ad-Hoc|iPhone.Deploy.0 = Release|x86
		{C5E0219F-9750-4499-923A-830448609AFC}.Ad-Hoc|iPhoneSimulator.ActiveCfg = Release|x86
		{C5E0219F-9750-4499-923A-830448609AFC}.Ad-Hoc|iPhoneSimulator.Build.0 = Release|x86
		{C5E0219F-9750-4499-923A-830448609AFC}.Ad-Hoc|iPhoneSimulator.Deploy.0 = Release|x86
		{C5E0219F-9750-4499-923A-830448609AFC}.Ad-Hoc|x64.ActiveCfg = Release|x64
		{C5E0219F-9750-4499-923A-830448609AFC}.Ad-Hoc|x64.Build.0 = Release|x64
		{C5E0219F-9750-4499-923A-830448609AFC}.Ad-Hoc|x64.Deploy.0 = Release|x64
		{C5E0219F-9750-4499-923A-830448609AFC}.Ad-Hoc|x86.ActiveCfg = Release|x86
		{C5E0219F-9750-4499-923A-830448609AFC}.Ad-Hoc|x86.Build.0 = Release|x86
		{C5E0219F-9750-4499-923A-830448609AFC}.Ad-Hoc|x86.Deploy.0 = Release|x86
		{C5E0219F-9750-4499-923A-830448609AFC}.AppStore|Any CPU.ActiveCfg = Release|x86
		{C5E0219F-9750-4499-923A-830448609AFC}.AppStore|Any CPU.Build.0 = Release|x86
		{C5E0219F-9750-4499-923A-830448609AFC}.AppStore|Any CPU.Deploy.0 = Release|x86
		{C5E0219F-9750-4499-923A-830448609AFC}.AppStore|ARM.ActiveCfg = Release|ARM
		{C5E0219F-9750-4499-923A-830448609AFC}.AppStore|ARM.Build.0 = Release|ARM
		{C5E0219F-9750-4499-923A-830448609AFC}.AppStore|ARM.Deploy.0 = Release|ARM
		{C5E0219F-9750-4499-923A-830448609AFC}.AppStore|iPhone.ActiveCfg = Release|x86
		{C5E0219F-9750-4499-923A-830448609AFC}.AppStore|iPhone.Build.0 = Release|x86
		{C5E0219F-9750-4499-923A-830448609AFC}.AppStore|iPhone.Deploy.0 = Release|x86
		{C5E0219F-9750-4499-923A-830448609AFC}.AppStore|iPhoneSimulator.ActiveCfg = Release|x86
		{C5E0219F-9750-4499-923A-830448609AFC}.AppStore|iPhoneSimulator.Build.0 = Release|x86
		{C5E0219F-9750-4499-923A-830448609AFC}.AppStore|iPhoneSimulator.Deploy.0 = Release|x86
		{C5E0219F-9750-4499-923A-830448609AFC}.AppStore|x64.ActiveCfg = Release|x64
		{C5E0219F-9750-4499-923A-830448609AFC}.AppStore|x64.Build.0 = Release|x64
		{C5E0219F-9750-4499-923A-830448609AFC}.AppStore|x64.Deploy.0 = Release|x64
		{C5E0219F-9750-4499-923A-830448609AFC}.AppStore|x86.ActiveCfg = Release|x86
		{C5E0219F-9750-4499-923A-830448609AFC}.AppStore|x86.Build.0 = Release|x86
		{C5E0219F-9750-4499-923A-830448609AFC}.AppStore|x86.Deploy.0 = Release|x86
		{C5E0219F-9750-4499-923A-830448609AFC}.Debug|Any CPU.ActiveCfg = Debug|x86
		{C5E0219F-9750-4499-923A-830448609AFC}.Debug|Any CPU.Build.0 = Debug|x86
		{C5E0219F-9750-4499-923A-830448609AFC}.Debug|Any CPU.Deploy.0 = Debug|x86
		{C5E0219F-9750-4499-923A-830448609AFC}.Debug|ARM.ActiveCfg = Debug|ARM
		{C5E0219F-9750-4499-923A-830448609AFC}.Debug|ARM.Build.0 = Debug|ARM
		{C5E0219F-9750-4499-923A-830448609AFC}.Debug|ARM.Deploy.0 = Debug|ARM
		{C5E0219F-9750-4499-923A-830448609AFC}.Debug|iPhone.ActiveCfg = Debug|x86
		{C5E0219F-9750-4499-923A-830448609AFC}.Debug|iPhone.Build.0 = Debug|x86
		{C5E0219F-9750-4499-923A-830448609AFC}.Debug|iPhone.Deploy.0 = Debug|x86
		{C5E0219F-9750-4499-923A-830448609AFC}.Debug|iPhoneSimulator.ActiveCfg = Debug|x86
		{C5E0219F-9750-4499-923A-830448609AFC}.Debug|iPhoneSimulator.Build.0 = Debug|x86
		{C5E0219F-9750-4499-923A-830448609AFC}.Debug|iPhoneSimulator.Deploy.0 = Debug|x86
		{C5E0219F-9750-4499-923A-830448609AFC}.Debug|x64.ActiveCfg = Debug|x64
		{C5E0219F-9750-4499-923A-830448609AFC}.Debug|x64.Build.0 = Debug|x64
		{C5E0219F-9750-4499-923A-830448609AFC}.Debug|x64.Deploy.0 = Debug|x64
		{C5E0219F-9750-4499-923A-830448609AFC}.Debug|x86.ActiveCfg = Debug|x86
		{C5E0219F-9750-4499-923A-830448609AFC}.Debug|x86.Build.0 = Debug|x86
		{C5E0219F-9750-4499-923A-830448609AFC}.Debug|x86.Deploy.0 = Debug|x86
		{C5E0219F-9750-4499-923A-830448609AFC}.Release|Any CPU.ActiveCfg = Release|x86
		{C5E0219F-9750-4499-923A-830448609AFC}.Release|Any CPU.Build.0 = Release|x86
		{C5E0219F-9750-4499-923A-830448609AFC}.Release|Any CPU.Deploy.0 = Release|x86
		{C5E0219F-9750-4499-923A-830448609AFC}.Release|ARM.ActiveCfg = Release|ARM
		{C5E0219F-9750-4499-923A-830448609AFC}.Release|ARM.Build.0 = Release|ARM
		{C5E0219F-9750-4499-923A-830448609AFC}.Release|ARM.Deploy.0 = Release|ARM
		{C5E0219F-9750-4499-923A-830448609AFC}.Release|iPhone.ActiveCfg = Release|x86
		{C5E0219F-9750-4499-923A-830448609AFC}.Release|iPhone.Build.0 = Release|x86
		{C5E0219F-9750-4499-923A-830448609AFC}.Release|iPhone.Deploy.0 = Release|x86
		{C5E0219F-9750-4499-923A-830448609AFC}.Release|iPhoneSimulator.ActiveCfg = Release|x86
		{C5E0219F-9750-4499-923A-830448609AFC}.Release|iPhoneSimulator.Build.0 = Release|x86
		{C5E0219F-9750-4499-923A-830448609AFC}.Release|iPhoneSimulator.Deploy.0 = Release|x86
		{C5E0219F-9750-4499-923A-830448609AFC}.Release|x64.ActiveCfg = Release|x64
		{C5E0219F-9750-4499-923A-830448609AFC}.Release|x64.Build.0 = Release|x64
		{C5E0219F-9750-4499-923A-830448609AFC}.Release|x64.Deploy.0 = Release|x64
		{C5E0219F-9750-4499-923A-830448609AFC}.Release|x86.ActiveCfg = Release|x86
		{C5E0219F-9750-4499-923A-830448609AFC}.Release|x86.Build.0 = Release|x86
		{C5E0219F-9750-4499-923A-830448609AFC}.Release|x86.Deploy.0 = Release|x86
		{4D47AD26-6A57-4350-90AE-D06681DB3253}.Ad-Hoc|Any CPU.ActiveCfg = Debug|Any CPU
		{4D47AD26-6A57-4350-90AE-D06681DB3253}.Ad-Hoc|Any CPU.Build.0 = Debug|Any CPU
		{4D47AD26-6A57-4350-90AE-D06681DB3253}.Ad-Hoc|Any CPU.Deploy.0 = Debug|Any CPU
		{4D47AD26-6A57-4350-90AE-D06681DB3253}.Ad-Hoc|ARM.ActiveCfg = Debug|Any CPU
		{4D47AD26-6A57-4350-90AE-D06681DB3253}.Ad-Hoc|ARM.Build.0 = Debug|Any CPU
		{4D47AD26-6A57-4350-90AE-D06681DB3253}.Ad-Hoc|ARM.Deploy.0 = Debug|Any CPU
		{4D47AD26-6A57-4350-90AE-D06681DB3253}.Ad-Hoc|iPhone.ActiveCfg = Debug|Any CPU
		{4D47AD26-6A57-4350-90AE-D06681DB3253}.Ad-Hoc|iPhone.Build.0 = Debug|Any CPU
		{4D47AD26-6A57-4350-90AE-D06681DB3253}.Ad-Hoc|iPhone.Deploy.0 = Debug|Any CPU
		{4D47AD26-6A57-4350-90AE-D06681DB3253}.Ad-Hoc|iPhoneSimulator.ActiveCfg = Debug|Any CPU
		{4D47AD26-6A57-4350-90AE-D06681DB3253}.Ad-Hoc|iPhoneSimulator.Build.0 = Debug|Any CPU
		{4D47AD26-6A57-4350-90AE-D06681DB3253}.Ad-Hoc|iPhoneSimulator.Deploy.0 = Debug|Any CPU
		{4D47AD26-6A57-4350-90AE-D06681DB3253}.Ad-Hoc|x64.ActiveCfg = Debug|Any CPU
		{4D47AD26-6A57-4350-90AE-D06681DB3253}.Ad-Hoc|x64.Build.0 = Debug|Any CPU
		{4D47AD26-6A57-4350-90AE-D06681DB3253}.Ad-Hoc|x64.Deploy.0 = Debug|Any CPU
		{4D47AD26-6A57-4350-90AE-D06681DB3253}.Ad-Hoc|x86.ActiveCfg = Debug|Any CPU
		{4D47AD26-6A57-4350-90AE-D06681DB3253}.Ad-Hoc|x86.Build.0 = Debug|Any CPU
		{4D47AD26-6A57-4350-90AE-D06681DB3253}.Ad-Hoc|x86.Deploy.0 = Debug|Any CPU
		{4D47AD26-6A57-4350-90AE-D06681DB3253}.AppStore|Any CPU.ActiveCfg = Debug|Any CPU
		{4D47AD26-6A57-4350-90AE-D06681DB3253}.AppStore|Any CPU.Build.0 = Debug|Any CPU
		{4D47AD26-6A57-4350-90AE-D06681DB3253}.AppStore|Any CPU.Deploy.0 = Debug|Any CPU
		{4D47AD26-6A57-4350-90AE-D06681DB3253}.AppStore|ARM.ActiveCfg = Debug|Any CPU
		{4D47AD26-6A57-4350-90AE-D06681DB3253}.AppStore|ARM.Build.0 = Debug|Any CPU
		{4D47AD26-6A57-4350-90AE-D06681DB3253}.AppStore|ARM.Deploy.0 = Debug|Any CPU
		{4D47AD26-6A57-4350-90AE-D06681DB3253}.AppStore|iPhone.ActiveCfg = Debug|Any CPU
		{4D47AD26-6A57-4350-90AE-D06681DB3253}.AppStore|iPhone.Build.0 = Debug|Any CPU
		{4D47AD26-6A57-4350-90AE-D06681DB3253}.AppStore|iPhone.Deploy.0 = Debug|Any CPU
		{4D47AD26-6A57-4350-90AE-D06681DB3253}.AppStore|iPhoneSimulator.ActiveCfg = Debug|Any CPU
		{4D47AD26-6A57-4350-90AE-D06681DB3253}.AppStore|iPhoneSimulator.Build.0 = Debug|Any CPU
		{4D47AD26-6A57-4350-90AE-D06681DB3253}.AppStore|iPhoneSimulator.Deploy.0 = Debug|Any CPU
		{4D47AD26-6A57-4350-90AE-D06681DB3253}.AppStore|x64.ActiveCfg = Debug|Any CPU
		{4D47AD26-6A57-4350-90AE-D06681DB3253}.AppStore|x64.Build.0 = Debug|Any CPU
		{4D47AD26-6A57-4350-90AE-D06681DB3253}.AppStore|x64.Deploy.0 = Debug|Any CPU
		{4D47AD26-6A57-4350-90AE-D06681DB3253}.AppStore|x86.ActiveCfg = Debug|Any CPU
		{4D47AD26-6A57-4350-90AE-D06681DB3253}.AppStore|x86.Build.0 = Debug|Any CPU
		{4D47AD26-6A57-4350-90AE-D06681DB3253}.AppStore|x86.Deploy.0 = Debug|Any CPU
		{4D47AD26-6A57-4350-90AE-D06681DB3253}.Debug|Any CPU.ActiveCfg = Debug|Any CPU
		{4D47AD26-6A57-4350-90AE-D06681DB3253}.Debug|Any CPU.Build.0 = Debug|Any CPU
		{4D47AD26-6A57-4350-90AE-D06681DB3253}.Debug|Any CPU.Deploy.0 = Debug|Any CPU
		{4D47AD26-6A57-4350-90AE-D06681DB3253}.Debug|ARM.ActiveCfg = Debug|Any CPU
		{4D47AD26-6A57-4350-90AE-D06681DB3253}.Debug|ARM.Build.0 = Debug|Any CPU
		{4D47AD26-6A57-4350-90AE-D06681DB3253}.Debug|ARM.Deploy.0 = Debug|Any CPU
		{4D47AD26-6A57-4350-90AE-D06681DB3253}.Debug|iPhone.ActiveCfg = Debug|Any CPU
		{4D47AD26-6A57-4350-90AE-D06681DB3253}.Debug|iPhone.Build.0 = Debug|Any CPU
		{4D47AD26-6A57-4350-90AE-D06681DB3253}.Debug|iPhone.Deploy.0 = Debug|Any CPU
		{4D47AD26-6A57-4350-90AE-D06681DB3253}.Debug|iPhoneSimulator.ActiveCfg = Debug|Any CPU
		{4D47AD26-6A57-4350-90AE-D06681DB3253}.Debug|iPhoneSimulator.Build.0 = Debug|Any CPU
		{4D47AD26-6A57-4350-90AE-D06681DB3253}.Debug|iPhoneSimulator.Deploy.0 = Debug|Any CPU
		{4D47AD26-6A57-4350-90AE-D06681DB3253}.Debug|x64.ActiveCfg = Debug|Any CPU
		{4D47AD26-6A57-4350-90AE-D06681DB3253}.Debug|x64.Build.0 = Debug|Any CPU
		{4D47AD26-6A57-4350-90AE-D06681DB3253}.Debug|x64.Deploy.0 = Debug|Any CPU
		{4D47AD26-6A57-4350-90AE-D06681DB3253}.Debug|x86.ActiveCfg = Debug|Any CPU
		{4D47AD26-6A57-4350-90AE-D06681DB3253}.Debug|x86.Build.0 = Debug|Any CPU
		{4D47AD26-6A57-4350-90AE-D06681DB3253}.Debug|x86.Deploy.0 = Debug|Any CPU
		{4D47AD26-6A57-4350-90AE-D06681DB3253}.Release|Any CPU.ActiveCfg = Release|Any CPU
		{4D47AD26-6A57-4350-90AE-D06681DB3253}.Release|Any CPU.Build.0 = Release|Any CPU
		{4D47AD26-6A57-4350-90AE-D06681DB3253}.Release|Any CPU.Deploy.0 = Release|Any CPU
		{4D47AD26-6A57-4350-90AE-D06681DB3253}.Release|ARM.ActiveCfg = Release|Any CPU
		{4D47AD26-6A57-4350-90AE-D06681DB3253}.Release|ARM.Build.0 = Release|Any CPU
		{4D47AD26-6A57-4350-90AE-D06681DB3253}.Release|ARM.Deploy.0 = Release|Any CPU
		{4D47AD26-6A57-4350-90AE-D06681DB3253}.Release|iPhone.ActiveCfg = Release|Any CPU
		{4D47AD26-6A57-4350-90AE-D06681DB3253}.Release|iPhone.Build.0 = Release|Any CPU
		{4D47AD26-6A57-4350-90AE-D06681DB3253}.Release|iPhone.Deploy.0 = Release|Any CPU
		{4D47AD26-6A57-4350-90AE-D06681DB3253}.Release|iPhoneSimulator.ActiveCfg = Release|Any CPU
		{4D47AD26-6A57-4350-90AE-D06681DB3253}.Release|iPhoneSimulator.Build.0 = Release|Any CPU
		{4D47AD26-6A57-4350-90AE-D06681DB3253}.Release|iPhoneSimulator.Deploy.0 = Release|Any CPU
		{4D47AD26-6A57-4350-90AE-D06681DB3253}.Release|x64.ActiveCfg = Release|Any CPU
		{4D47AD26-6A57-4350-90AE-D06681DB3253}.Release|x64.Build.0 = Release|Any CPU
		{4D47AD26-6A57-4350-90AE-D06681DB3253}.Release|x64.Deploy.0 = Release|Any CPU
		{4D47AD26-6A57-4350-90AE-D06681DB3253}.Release|x86.ActiveCfg = Release|Any CPU
		{4D47AD26-6A57-4350-90AE-D06681DB3253}.Release|x86.Build.0 = Release|Any CPU
		{4D47AD26-6A57-4350-90AE-D06681DB3253}.Release|x86.Deploy.0 = Release|Any CPU
	EndGlobalSection
	GlobalSection(SolutionProperties) = preSolution
		HideSolutionNode = FALSE
	EndGlobalSection
	GlobalSection(ExtensibilityGlobals) = postSolution
		SolutionGuid = {CF2EA932-0AA7-4858-9107-34C58AA62AB5}
	EndGlobalSection
EndGlobal
